
Microsoft Visual Studio Solution File, Format Version 12.00
# Visual Studio Version 16
VisualStudioVersion = 16.0.31321.278
MinimumVisualStudioVersion = 10.0.40219.1
Project("{FAE04EC0-301F-11D3-BF4B-00C04F79EFBC}") = "Blockchain Client", "Blockchain Client.csproj", "{9A8327E2-AAE7-49E8-976D-EC7D626B36AA}"
EndProject
Global
	GlobalSection(SolutionConfigurationPlatforms) = preSolution
		Debug|Any CPU = Debug|Any CPU
		Release|Any CPU = Release|Any CPU
	EndGlobalSection
	GlobalSection(ProjectConfigurationPlatforms) = postSolution
		{9A8327E2-AAE7-49E8-976D-EC7D626B36AA}.Debug|Any CPU.ActiveCfg = Debug|Any CPU
		{9A8327E2-AAE7-49E8-976D-EC7D626B36AA}.Debug|Any CPU.Build.0 = Debug|Any CPU
		{9A8327E2-AAE7-49E8-976D-EC7D626B36AA}.Release|Any CPU.ActiveCfg = Release|Any CPU
		{9A8327E2-AAE7-49E8-976D-EC7D626B36AA}.Release|Any CPU.Build.0 = Release|Any CPU
	EndGlobalSection
	GlobalSection(SolutionProperties) = preSolution
		HideSolutionNode = FALSE
	EndGlobalSection
	GlobalSection(ExtensibilityGlobals) = postSolution
		SolutionGuid = {3716606D-D7FB-4420-A6D3-4CF3BBEAA4B7}
	EndGlobalSection
EndGlobal
