
Microsoft Visual Studio Solution File, Format Version 12.00
# Visual Studio Version 16
VisualStudioVersion = 16.0.31410.357
MinimumVisualStudioVersion = 10.0.40219.1
Project("{FAE04EC0-301F-11D3-BF4B-00C04F79EFBC}") = "ClientCSForm", "ClientCSForm.csproj", "{391297A1-DABE-436D-BE9E-25E05EE6F21D}"
EndProject
Global
	GlobalSection(SolutionConfigurationPlatforms) = preSolution
		Debug|Any CPU = Debug|Any CPU
		Release|Any CPU = Release|Any CPU
	EndGlobalSection
	GlobalSection(ProjectConfigurationPlatforms) = postSolution
		{391297A1-DABE-436D-BE9E-25E05EE6F21D}.Debug|Any CPU.ActiveCfg = Debug|Any CPU
		{391297A1-DABE-436D-BE9E-25E05EE6F21D}.Debug|Any CPU.Build.0 = Debug|Any CPU
		{391297A1-DABE-436D-BE9E-25E05EE6F21D}.Release|Any CPU.ActiveCfg = Release|Any CPU
		{391297A1-DABE-436D-BE9E-25E05EE6F21D}.Release|Any CPU.Build.0 = Release|Any CPU
	EndGlobalSection
	GlobalSection(SolutionProperties) = preSolution
		HideSolutionNode = FALSE
	EndGlobalSection
	GlobalSection(ExtensibilityGlobals) = postSolution
		SolutionGuid = {209851C4-B037-4E34-918E-10FB68954C0A}
	EndGlobalSection
EndGlobal
