
Microsoft Visual Studio Solution File, Format Version 12.00
# Visual Studio Version 16
VisualStudioVersion = 16.0.31410.357
MinimumVisualStudioVersion = 10.0.40219.1
Project("{FAE04EC0-301F-11D3-BF4B-00C04F79EFBC}") = "ClientCSForm", "ClientCSForm.csproj", "{8566EAD1-1985-424F-81D4-4F0E2655A5B0}"
EndProject
Global
	GlobalSection(SolutionConfigurationPlatforms) = preSolution
		Debug|Any CPU = Debug|Any CPU
		Release|Any CPU = Release|Any CPU
	EndGlobalSection
	GlobalSection(ProjectConfigurationPlatforms) = postSolution
		{8566EAD1-1985-424F-81D4-4F0E2655A5B0}.Debug|Any CPU.ActiveCfg = Debug|Any CPU
		{8566EAD1-1985-424F-81D4-4F0E2655A5B0}.Debug|Any CPU.Build.0 = Debug|Any CPU
		{8566EAD1-1985-424F-81D4-4F0E2655A5B0}.Release|Any CPU.ActiveCfg = Release|Any CPU
		{8566EAD1-1985-424F-81D4-4F0E2655A5B0}.Release|Any CPU.Build.0 = Release|Any CPU
	EndGlobalSection
	GlobalSection(SolutionProperties) = preSolution
		HideSolutionNode = FALSE
	EndGlobalSection
	GlobalSection(ExtensibilityGlobals) = postSolution
		SolutionGuid = {30B248AD-2298-4A56-96F1-18FE7074BCBB}
	EndGlobalSection
EndGlobal
